
Microsoft Visual Studio Solution File, Format Version 12.00
# Visual Studio Version 17
VisualStudioVersion = 17.10.35004.147
MinimumVisualStudioVersion = 10.0.40219.1
Project("{9A19103F-16F7-4668-BE54-9A1E7A4F7556}") = "OrbitOrgnizer", "OrbitOrgnizer\OrbitOrgnizer.csproj", "{003DC9FE-2843-4CBE-BDDB-757736D7100C}"
EndProject
Project("{9A19103F-16F7-4668-BE54-9A1E7A4F7556}") = "OrbitOrgnizer.Browser", "OrbitOrgnizer.Browser\OrbitOrgnizer.Browser.csproj", "{467953AF-BC05-4397-BDBD-3C8D32F0B93D}"
EndProject
Project("{9A19103F-16F7-4668-BE54-9A1E7A4F7556}") = "OrbitOrgnizer.Desktop", "OrbitOrgnizer.Desktop\OrbitOrgnizer.Desktop.csproj", "{06FA4FC4-DC16-4580-8C34-1F5DCB366973}"
EndProject
Project("{FAE04EC0-301F-11D3-BF4B-00C04F79EFBC}") = "OrbitOrgnizer.Core", "OrbitOrgnizer.Core\OrbitOrgnizer.Core.csproj", "{32DB33B5-12F8-4ED9-9D07-5C2CD49139E2}"
EndProject
Project("{FAE04EC0-301F-11D3-BF4B-00C04F79EFBC}") = "OrbitOrgnizer.Infrastructure", "OrbitOrgnizer.Infrastructure\OrbitOrgnizer.Infrastructure.csproj", "{49B05B18-26E4-4835-B874-37E265F3CDD8}"
EndProject
Global
	GlobalSection(SolutionConfigurationPlatforms) = preSolution
		Debug|Any CPU = Debug|Any CPU
		Release|Any CPU = Release|Any CPU
	EndGlobalSection
	GlobalSection(ProjectConfigurationPlatforms) = postSolution
		{003DC9FE-2843-4CBE-BDDB-757736D7100C}.Debug|Any CPU.ActiveCfg = Debug|Any CPU
		{003DC9FE-2843-4CBE-BDDB-757736D7100C}.Debug|Any CPU.Build.0 = Debug|Any CPU
		{003DC9FE-2843-4CBE-BDDB-757736D7100C}.Release|Any CPU.ActiveCfg = Release|Any CPU
		{003DC9FE-2843-4CBE-BDDB-757736D7100C}.Release|Any CPU.Build.0 = Release|Any CPU
		{467953AF-BC05-4397-BDBD-3C8D32F0B93D}.Debug|Any CPU.ActiveCfg = Debug|Any CPU
		{467953AF-BC05-4397-BDBD-3C8D32F0B93D}.Debug|Any CPU.Build.0 = Debug|Any CPU
		{467953AF-BC05-4397-BDBD-3C8D32F0B93D}.Release|Any CPU.ActiveCfg = Release|Any CPU
		{467953AF-BC05-4397-BDBD-3C8D32F0B93D}.Release|Any CPU.Build.0 = Release|Any CPU
		{06FA4FC4-DC16-4580-8C34-1F5DCB366973}.Debug|Any CPU.ActiveCfg = Debug|Any CPU
		{06FA4FC4-DC16-4580-8C34-1F5DCB366973}.Debug|Any CPU.Build.0 = Debug|Any CPU
		{06FA4FC4-DC16-4580-8C34-1F5DCB366973}.Release|Any CPU.ActiveCfg = Release|Any CPU
		{06FA4FC4-DC16-4580-8C34-1F5DCB366973}.Release|Any CPU.Build.0 = Release|Any CPU
		{32DB33B5-12F8-4ED9-9D07-5C2CD49139E2}.Debug|Any CPU.ActiveCfg = Debug|Any CPU
		{32DB33B5-12F8-4ED9-9D07-5C2CD49139E2}.Debug|Any CPU.Build.0 = Debug|Any CPU
		{32DB33B5-12F8-4ED9-9D07-5C2CD49139E2}.Release|Any CPU.ActiveCfg = Release|Any CPU
		{32DB33B5-12F8-4ED9-9D07-5C2CD49139E2}.Release|Any CPU.Build.0 = Release|Any CPU
		{49B05B18-26E4-4835-B874-37E265F3CDD8}.Debug|Any CPU.ActiveCfg = Debug|Any CPU
		{49B05B18-26E4-4835-B874-37E265F3CDD8}.Debug|Any CPU.Build.0 = Debug|Any CPU
		{49B05B18-26E4-4835-B874-37E265F3CDD8}.Release|Any CPU.ActiveCfg = Release|Any CPU
		{49B05B18-26E4-4835-B874-37E265F3CDD8}.Release|Any CPU.Build.0 = Release|Any CPU
	EndGlobalSection
	GlobalSection(SolutionProperties) = preSolution
		HideSolutionNode = FALSE
	EndGlobalSection
	GlobalSection(ExtensibilityGlobals) = postSolution
		SolutionGuid = {A93A2ED4-0085-4BAD-A340-33570F3A3CD7}
	EndGlobalSection
EndGlobal
